github.com/PuerkitoBio/goquery v0.0.0-20171206121606-bc4e06eb0792 h1:z1EfQR3dcEwyDXRxdy1YhVT5IqSvYoIUicxn00tSkZY=
github.com/PuerkitoBio/goquery v0.0.0-20171206121606-bc4e06eb0792/go.mod h1:T9ezsOHcCrDCgA8aF1Cqr3sSYbO/xgdy8/R/XiIMAhA=
github.com/andybalholm/cascadia v0.0.0-20161224141413-349dd0209470 h1:4jHLmof+Hba81591gfH5xYA8QXzuvgksxwPNrmjR2BA=
github.com/andybalholm/cascadia v0.0.0-20161224141413-349dd0209470/go.mod h1:3I+3V7B6gTBYfdpYgIG2ymALS9H+5VDKUl3lHH7ToM4=
github.com/aws/aws-sdk-go v0.0.0-20171227232545-793c7bad9fd3 h1:GUf9rIsDZXR0GhdDaJPTUQ6k6viWrMqCJLnUOC8zPJI=
github.com/aws/aws-sdk-go v0.0.0-20171227232545-793c7bad9fd3/go.mod h1:ZRmQr0FajVIyZ4ZzBYKG5P3ZqPz9IHG41ZoMu1ADI3k=
github.com/go-ini/ini v1.32.0 h1:/MArBHSS0TFR28yPPDK1vPIjt4wUnPBfb81i6iiyKvA=
github.com/go-ini/ini v1.32.0/go.mod h1:ByCAeIL28uOIIG0E3PJtZPDL8WnHpFKFOtgjp+3Ies8=
github.com/jmespath/go-jmespath v0.0.0-20171120063526-dd801d4f4ce7 h1:cqXilTQ4KbtQOO+31cWKI3Tqxu70I01ovsTXHOSoJmY=
github.com/jmespath/go-jmespath v0.0.0-20171120063526-dd801d4f4ce7/go.mod h1:Nht3zPeWKUH0NzdCt2Blrr5ys8VGpn0CEB0cQHVjt7k=
github.com/mmcdole/gofeed v0.0.0-20171225195901-2e0b80655fb8 h1:9nowfkC7g0Ggy7RVrmnt6BRN3JZ7/B7mQDRf+jZchR0=
github.com/mmcdole/gofeed v0.0.0-20171225195901-2e0b80655fb8/go.mod h1:/BF9JneEL2/flujm8XHoxUcghdTV6vvb3xx/vKyChFU=
github.com/mmcdole/goxpp v0.0.0-20170720115402-77e4a51a73ed h1:I1StLV+Wab/bbfFbrNqwikOhIgMbhqUxVd/a5+NQ8QY=
github.com/mmcdole/goxpp v0.0.0-20170720115402-77e4a51a73ed/go.mod h1:pasqhqstspkosTneA62Nc+2p9SOBBYAPbnmRRWPQ0V8=
github.com/sirupsen/logrus v1.0.4 h1:gzbtLsZC3Ic5PptoRG+kQj4L60qjK7H7XszrU163JNQ=
github.com/sirupsen/logrus v1.0.4/go.mod h1:pMByvHTf9Beacp5x1UXfOR9xyW/9antXMhjMPG0dEzc=
github.com/spf13/pflag v0.0.0-20171106142849-4c012f6dcd95 h1:fBkxrj/ArtKnC3J1DOZhn3SYiVkVRFZC574bq2Ifa/0=
github.com/spf13/pflag v0.0.0-20171106142849-4c012f6dcd95/go.mod h1:DYY7MBk1bdzusC3SYhjObp+wFpr4gzcvqqNjLnInEg4=
golang.org/x/crypto v0.0.0-20171228081715-95a4943f35d0 h1:7GRso2BOZ9pj7pBc9SToZHtQ8rNzLwSEWsn1P3XJKLo=
golang.org/x/crypto v0.0.0-20171228081715-95a4943f35d0/go.mod h1:6SG95UA2DQfeDnfUPMdvaQW0Q7yPrPDi9nlGo2tz2b4=
golang.org/x/net v0.0.0-20171212005608-d866cfc389ce h1:4g3VPcb++AP2cNa6CQ0iACUoH7J/3Jxojq0mmJun9A4=
golang.org/x/net v0.0.0-20171212005608-d866cfc389ce/go.mod h1:mL1N/T3taQHkDXs73rZJwtUhF3w3ftmwwsq0BUmARs4=
golang.org/x/sys v0.0.0-20171222143536-83801418e1b5 h1:2k9P7RP0OBdZAif5o4fN+SddnLEnUa2d8nHJnE45SOE=
golang.org/x/sys v0.0.0-20171222143536-83801418e1b5/go.mod h1:STP8DvDyc/dI5b8T5hshtkjS+E42TnysNCUPdjciGhY=
golang.org/x/text v0.0.0-20171227012246-e19ae1496984 h1:ulYJn/BqO4fMRe1xAQzWjokgjsQLPpb21GltxXHI3fQ=
golang.org/x/text v0.0.0-20171227012246-e19ae1496984/go.mod h1:NqM8EUOU14njkJ3fqMW+pc6Ldnwhi/IjpwHt7yyuwOQ=
gopkg.in/yaml.v2 v2.0.0-20171116090243-287cf08546ab h1:yZ6iByf7GKeJ3gsd1Dr/xaj1DyJ//wxKX1Cdh8LhoAw=
gopkg.in/yaml.v2 v2.0.0-20171116090243-287cf08546ab/go.mod h1:JAlM8MvJe8wmxCU4Bli9HhUf9+ttbYbLASfIpnQbh74=
